
Microsoft Visual Studio Solution File, Format Version 12.00
# Visual Studio Version 17
VisualStudioVersion = 17.11.35312.102
MinimumVisualStudioVersion = 10.0.40219.1
Project("{F184B08F-C81C-45F6-A57F-5ABD9991F28F}") = "Enrollment System", "Enrollment System\Enrollment System.vbproj", "{DA7A7005-1184-4801-8C0F-59D71B8679F2}"
EndProject
Global
	GlobalSection(SolutionConfigurationPlatforms) = preSolution
		Debug|Any CPU = Debug|Any CPU
		Release|Any CPU = Release|Any CPU
	EndGlobalSection
	GlobalSection(ProjectConfigurationPlatforms) = postSolution
		{DA7A7005-1184-4801-8C0F-59D71B8679F2}.Debug|Any CPU.ActiveCfg = Debug|Any CPU
		{DA7A7005-1184-4801-8C0F-59D71B8679F2}.Debug|Any CPU.Build.0 = Debug|Any CPU
		{DA7A7005-1184-4801-8C0F-59D71B8679F2}.Release|Any CPU.ActiveCfg = Release|Any CPU
		{DA7A7005-1184-4801-8C0F-59D71B8679F2}.Release|Any CPU.Build.0 = Release|Any CPU
	EndGlobalSection
	GlobalSection(SolutionProperties) = preSolution
		HideSolutionNode = FALSE
	EndGlobalSection
	GlobalSection(ExtensibilityGlobals) = postSolution
		SolutionGuid = {5D24E29B-07EA-446F-A173-C88F291E11BE}
	EndGlobalSection
EndGlobal
